// !$*UTF8*$!
{
	archiveVersion = 1;
	classes = {
	};
	objectVersion = 46;
	objects = {

/* Begin PBXBuildFile section */
		CE03D7371F1DCE2E00823C4D /* card0.png in Resources */ = {isa = PBXBuildFile; fileRef = CE03D7361F1DCE2E00823C4D /* card0.png */; };
		CE0E16A31F1E657A00F4F4FA /* logo.png in Resources */ = {isa = PBXBuildFile; fileRef = CE0E16A21F1E657A00F4F4FA /* logo.png */; };
		CE0E16A51F1E735E00F4F4FA /* Media.xcassets in Resources */ = {isa = PBXBuildFile; fileRef = CE0E16A41F1E735E00F4F4FA /* Media.xcassets */; };
		CE1E51161F1E19D6005B0075 /* card1.png in Resources */ = {isa = PBXBuildFile; fileRef = CE1E510C1F1E19D6005B0075 /* card1.png */; };
		CE1E51171F1E19D6005B0075 /* card2.png in Resources */ = {isa = PBXBuildFile; fileRef = CE1E510D1F1E19D6005B0075 /* card2.png */; };
		CE1E51181F1E19D6005B0075 /* card3.png in Resources */ = {isa = PBXBuildFile; fileRef = CE1E510E1F1E19D6005B0075 /* card3.png */; };
		CE1E51191F1E19D6005B0075 /* card4.png in Resources */ = {isa = PBXBuildFile; fileRef = CE1E510F1F1E19D6005B0075 /* card4.png */; };
		CE1E511A1F1E19D6005B0075 /* card5.png in Resources */ = {isa = PBXBuildFile; fileRef = CE1E51101F1E19D6005B0075 /* card5.png */; };
		CE1E511B1F1E19D6005B0075 /* card6.png in Resources */ = {isa = PBXBuildFile; fileRef = CE1E51111F1E19D6005B0075 /* card6.png */; };
		CE1E511C1F1E19D6005B0075 /* card7.png in Resources */ = {isa = PBXBuildFile; fileRef = CE1E51121F1E19D6005B0075 /* card7.png */; };
		CE1E511D1F1E19D6005B0075 /* card8.png in Resources */ = {isa = PBXBuildFile; fileRef = CE1E51131F1E19D6005B0075 /* card8.png */; };
		CE1E511E1F1E19D6005B0075 /* card9.png in Resources */ = {isa = PBXBuildFile; fileRef = CE1E51141F1E19D6005B0075 /* card9.png */; };
		CE1E511F1F1E19D6005B0075 /* card10.png in Resources */ = {isa = PBXBuildFile; fileRef = CE1E51151F1E19D6005B0075 /* card10.png */; };
		CE1E51211F1E1BCB005B0075 /* chip.png in Resources */ = {isa = PBXBuildFile; fileRef = CE1E51201F1E1BCB005B0075 /* chip.png */; };
		CE2F69FC1F1DB49300F2D891 /* game.swift in Sources */ = {isa = PBXBuildFile; fileRef = CE2F69FB1F1DB49300F2D891 /* game.swift */; };
		CE4C9AE31F1B5A3200899BEF /* indianpokermark.png in Resources */ = {isa = PBXBuildFile; fileRef = CE4C9AE21F1B5A3200899BEF /* indianpokermark.png */; };
		CE81641F1F1B83740009D404 /* chips.png in Resources */ = {isa = PBXBuildFile; fileRef = CE81641E1F1B83740009D404 /* chips.png */; };
		CEFF2D651F172A3F005F80A7 /* AppDelegate.swift in Sources */ = {isa = PBXBuildFile; fileRef = CEFF2D641F172A3F005F80A7 /* AppDelegate.swift */; };
		CEFF2D671F172A3F005F80A7 /* ViewController.swift in Sources */ = {isa = PBXBuildFile; fileRef = CEFF2D661F172A3F005F80A7 /* ViewController.swift */; };
		CEFF2D6A1F172A3F005F80A7 /* Main.storyboard in Resources */ = {isa = PBXBuildFile; fileRef = CEFF2D681F172A3F005F80A7 /* Main.storyboard */; };
		CEFF2D6C1F172A3F005F80A7 /* Assets.xcassets in Resources */ = {isa = PBXBuildFile; fileRef = CEFF2D6B1F172A3F005F80A7 /* Assets.xcassets */; };
		CEFF2D6F1F172A3F005F80A7 /* LaunchScreen.storyboard in Resources */ = {isa = PBXBuildFile; fileRef = CEFF2D6D1F172A3F005F80A7 /* LaunchScreen.storyboard */; };
/* End PBXBuildFile section */

/* Begin PBXFileReference section */
		CE03D7361F1DCE2E00823C4D /* card0.png */ = {isa = PBXFileReference; lastKnownFileType = image.png; path = card0.png; sourceTree = "<group>"; };
		CE0E16A21F1E657A00F4F4FA /* logo.png */ = {isa = PBXFileReference; lastKnownFileType = image.png; path = logo.png; sourceTree = "<group>"; };
		CE0E16A41F1E735E00F4F4FA /* Media.xcassets */ = {isa = PBXFileReference; lastKnownFileType = folder.assetcatalog; path = Media.xcassets; sourceTree = "<group>"; };
		CE1E510C1F1E19D6005B0075 /* card1.png */ = {isa = PBXFileReference; lastKnownFileType = image.png; path = card1.png; sourceTree = "<group>"; };
		CE1E510D1F1E19D6005B0075 /* card2.png */ = {isa = PBXFileReference; lastKnownFileType = image.png; path = card2.png; sourceTree = "<group>"; };
		CE1E510E1F1E19D6005B0075 /* card3.png */ = {isa = PBXFileReference; lastKnownFileType = image.png; path = card3.png; sourceTree = "<group>"; };
		CE1E510F1F1E19D6005B0075 /* card4.png */ = {isa = PBXFileReference; lastKnownFileType = image.png; path = card4.png; sourceTree = "<group>"; };
		CE1E51101F1E19D6005B0075 /* card5.png */ = {isa = PBXFileReference; lastKnownFileType = image.png; path = card5.png; sourceTree = "<group>"; };
		CE1E51111F1E19D6005B0075 /* card6.png */ = {isa = PBXFileReference; lastKnownFileType = image.png; path = card6.png; sourceTree = "<group>"; };
		CE1E51121F1E19D6005B0075 /* card7.png */ = {isa = PBXFileReference; lastKnownFileType = image.png; path = card7.png; sourceTree = "<group>"; };
		CE1E51131F1E19D6005B0075 /* card8.png */ = {isa = PBXFileReference; lastKnownFileType = image.png; path = card8.png; sourceTree = "<group>"; };
		CE1E51141F1E19D6005B0075 /* card9.png */ = {isa = PBXFileReference; lastKnownFileType = image.png; path = card9.png; sourceTree = "<group>"; };
		CE1E51151F1E19D6005B0075 /* card10.png */ = {isa = PBXFileReference; lastKnownFileType = image.png; path = card10.png; sourceTree = "<group>"; };
		CE1E51201F1E1BCB005B0075 /* chip.png */ = {isa = PBXFileReference; lastKnownFileType = image.png; path = chip.png; sourceTree = "<group>"; };
		CE2F69FB1F1DB49300F2D891 /* game.swift */ = {isa = PBXFileReference; fileEncoding = 4; lastKnownFileType = sourcecode.swift; path = game.swift; sourceTree = "<group>"; };
		CE4C9AE21F1B5A3200899BEF /* indianpokermark.png */ = {isa = PBXFileReference; lastKnownFileType = image.png; path = indianpokermark.png; sourceTree = "<group>"; };
		CE81641E1F1B83740009D404 /* chips.png */ = {isa = PBXFileReference; lastKnownFileType = image.png; path = chips.png; sourceTree = "<group>"; };
		CEFF2D611F172A3F005F80A7 /* Indian Poker.app */ = {isa = PBXFileReference; explicitFileType = wrapper.application; includeInIndex = 0; path = "Indian Poker.app"; sourceTree = BUILT_PRODUCTS_DIR; };
		CEFF2D641F172A3F005F80A7 /* AppDelegate.swift */ = {isa = PBXFileReference; lastKnownFileType = sourcecode.swift; path = AppDelegate.swift; sourceTree = "<group>"; };
		CEFF2D661F172A3F005F80A7 /* ViewController.swift */ = {isa = PBXFileReference; lastKnownFileType = sourcecode.swift; path = ViewController.swift; sourceTree = "<group>"; usesTabs = 0; };
		CEFF2D691F172A3F005F80A7 /* Base */ = {isa = PBXFileReference; lastKnownFileType = file.storyboard; name = Base; path = Base.lproj/Main.storyboard; sourceTree = "<group>"; };
		CEFF2D6B1F172A3F005F80A7 /* Assets.xcassets */ = {isa = PBXFileReference; lastKnownFileType = folder.assetcatalog; path = Assets.xcassets; sourceTree = "<group>"; };
		CEFF2D6E1F172A3F005F80A7 /* Base */ = {isa = PBXFileReference; lastKnownFileType = file.storyboard; name = Base; path = Base.lproj/LaunchScreen.storyboard; sourceTree = "<group>"; };
		CEFF2D701F172A3F005F80A7 /* Info.plist */ = {isa = PBXFileReference; lastKnownFileType = text.plist.xml; path = Info.plist; sourceTree = "<group>"; };
/* End PBXFileReference section */

/* Begin PBXFrameworksBuildPhase section */
		CEFF2D5E1F172A3F005F80A7 /* Frameworks */ = {
			isa = PBXFrameworksBuildPhase;
			buildActionMask = 2147483647;
			files = (
			);
			runOnlyForDeploymentPostprocessing = 0;
		};
/* End PBXFrameworksBuildPhase section */

/* Begin PBXGroup section */
		CEB508001F1A0F200083A226 /* Image */ = {
			isa = PBXGroup;
			children = (
				CE0E16A21F1E657A00F4F4FA /* logo.png */,
				CE1E51201F1E1BCB005B0075 /* chip.png */,
				CE1E510C1F1E19D6005B0075 /* card1.png */,
				CE1E510D1F1E19D6005B0075 /* card2.png */,
				CE1E510E1F1E19D6005B0075 /* card3.png */,
				CE1E510F1F1E19D6005B0075 /* card4.png */,
				CE1E51101F1E19D6005B0075 /* card5.png */,
				CE1E51111F1E19D6005B0075 /* card6.png */,
				CE1E51121F1E19D6005B0075 /* card7.png */,
				CE1E51131F1E19D6005B0075 /* card8.png */,
				CE1E51141F1E19D6005B0075 /* card9.png */,
				CE1E51151F1E19D6005B0075 /* card10.png */,
				CE4C9AE21F1B5A3200899BEF /* indianpokermark.png */,
				CE81641E1F1B83740009D404 /* chips.png */,
				CE03D7361F1DCE2E00823C4D /* card0.png */,
			);
			name = Image;
			sourceTree = "<group>";
		};
		CEFF2D581F172A3F005F80A7 = {
			isa = PBXGroup;
			children = (
				CE0E16A41F1E735E00F4F4FA /* Media.xcassets */,
				CEFF2D631F172A3F005F80A7 /* YunaFirstApp */,
				CEFF2D621F172A3F005F80A7 /* Products */,
			);
			sourceTree = "<group>";
		};
		CEFF2D621F172A3F005F80A7 /* Products */ = {
			isa = PBXGroup;
			children = (
				CEFF2D611F172A3F005F80A7 /* Indian Poker.app */,
			);
			name = Products;
			sourceTree = "<group>";
		};
		CEFF2D631F172A3F005F80A7 /* YunaFirstApp */ = {
			isa = PBXGroup;
			children = (
				CEB508001F1A0F200083A226 /* Image */,
				CEFF2D641F172A3F005F80A7 /* AppDelegate.swift */,
				CEFF2D661F172A3F005F80A7 /* ViewController.swift */,
				CE2F69FB1F1DB49300F2D891 /* game.swift */,
				CEFF2D681F172A3F005F80A7 /* Main.storyboard */,
				CEFF2D6B1F172A3F005F80A7 /* Assets.xcassets */,
				CEFF2D6D1F172A3F005F80A7 /* LaunchScreen.storyboard */,
				CEFF2D701F172A3F005F80A7 /* Info.plist */,
			);
			path = YunaFirstApp;
			sourceTree = "<group>";
		};
/* End PBXGroup section */

/* Begin PBXNativeTarget section */
		CEFF2D601F172A3F005F80A7 /* YunaFirstApp */ = {
			isa = PBXNativeTarget;
			buildConfigurationList = CEFF2D731F172A3F005F80A7 /* Build configuration list for PBXNativeTarget "YunaFirstApp" */;
			buildPhases = (
				CEFF2D5D1F172A3F005F80A7 /* Sources */,
				CEFF2D5E1F172A3F005F80A7 /* Frameworks */,
				CEFF2D5F1F172A3F005F80A7 /* Resources */,
			);
			buildRules = (
			);
			dependencies = (
			);
			name = YunaFirstApp;
			productName = YunaFirstApp;
			productReference = CEFF2D611F172A3F005F80A7 /* Indian Poker.app */;
			productType = "com.apple.product-type.application";
		};
/* End PBXNativeTarget section */

/* Begin PBXProject section */
		CEFF2D591F172A3F005F80A7 /* Project object */ = {
			isa = PBXProject;
			attributes = {
				LastSwiftUpdateCheck = 0830;
				LastUpgradeCheck = 0830;
				ORGANIZATIONNAME = "Yuna Seol";
				TargetAttributes = {
					CEFF2D601F172A3F005F80A7 = {
						CreatedOnToolsVersion = 8.3.3;
						DevelopmentTeam = A42DJ8H78Z;
						ProvisioningStyle = Automatic;
					};
				};
			};
			buildConfigurationList = CEFF2D5C1F172A3F005F80A7 /* Build configuration list for PBXProject "YunaFirstApp" */;
			compatibilityVersion = "Xcode 3.2";
			developmentRegion = English;
			hasScannedForEncodings = 0;
			knownRegions = (
				en,
				Base,
			);
			mainGroup = CEFF2D581F172A3F005F80A7;
			productRefGroup = CEFF2D621F172A3F005F80A7 /* Products */;
			projectDirPath = "";
			projectRoot = "";
			targets = (
				CEFF2D601F172A3F005F80A7 /* YunaFirstApp */,
			);
		};
/* End PBXProject section */

/* Begin PBXResourcesBuildPhase section */
		CEFF2D5F1F172A3F005F80A7 /* Resources */ = {
			isa = PBXResourcesBuildPhase;
			buildActionMask = 2147483647;
			files = (
				CE1E51191F1E19D6005B0075 /* card4.png in Resources */,
				CEFF2D6F1F172A3F005F80A7 /* LaunchScreen.storyboard in Resources */,
				CE0E16A31F1E657A00F4F4FA /* logo.png in Resources */,
				CE81641F1F1B83740009D404 /* chips.png in Resources */,
				CE4C9AE31F1B5A3200899BEF /* indianpokermark.png in Resources */,
				CE1E511D1F1E19D6005B0075 /* card8.png in Resources */,
				CEFF2D6C1F172A3F005F80A7 /* Assets.xcassets in Resources */,
				CE0E16A51F1E735E00F4F4FA /* Media.xcassets in Resources */,
				CEFF2D6A1F172A3F005F80A7 /* Main.storyboard in Resources */,
				CE1E511F1F1E19D6005B0075 /* card10.png in Resources */,
				CE1E511A1F1E19D6005B0075 /* card5.png in Resources */,
				CE03D7371F1DCE2E00823C4D /* card0.png in Resources */,
				CE1E511C1F1E19D6005B0075 /* card7.png in Resources */,
				CE1E51211F1E1BCB005B0075 /* chip.png in Resources */,
				CE1E51171F1E19D6005B0075 /* card2.png in Resources */,
				CE1E51161F1E19D6005B0075 /* card1.png in Resources */,
				CE1E511B1F1E19D6005B0075 /* card6.png in Resources */,
				CE1E51181F1E19D6005B0075 /* card3.png in Resources */,
				CE1E511E1F1E19D6005B0075 /* card9.png in Resources */,
			);
			runOnlyForDeploymentPostprocessing = 0;
		};
/* End PBXResourcesBuildPhase section */

/* Begin PBXSourcesBuildPhase section */
		CEFF2D5D1F172A3F005F80A7 /* Sources */ = {
			isa = PBXSourcesBuildPhase;
			buildActionMask = 2147483647;
			files = (
				CE2F69FC1F1DB49300F2D891 /* game.swift in Sources */,
				CEFF2D671F172A3F005F80A7 /* ViewController.swift in Sources */,
				CEFF2D651F172A3F005F80A7 /* AppDelegate.swift in Sources */,
			);
			runOnlyForDeploymentPostprocessing = 0;
		};
/* End PBXSourcesBuildPhase section */

/* Begin PBXVariantGroup section */
		CEFF2D681F172A3F005F80A7 /* Main.storyboard */ = {
			isa = PBXVariantGroup;
			children = (
				CEFF2D691F172A3F005F80A7 /* Base */,
			);
			name = Main.storyboard;
			sourceTree = "<group>";
		};
		CEFF2D6D1F172A3F005F80A7 /* LaunchScreen.storyboard */ = {
			isa = PBXVariantGroup;
			children = (
				CEFF2D6E1F172A3F005F80A7 /* Base */,
			);
			name = LaunchScreen.storyboard;
			sourceTree = "<group>";
		};
/* End PBXVariantGroup section */

/* Begin XCBuildConfiguration section */
		CEFF2D711F172A3F005F80A7 /* Debug */ = {
			isa = XCBuildConfiguration;
			buildSettings = {
				ALWAYS_SEARCH_USER_PATHS = NO;
				CLANG_ANALYZER_NONNULL = YES;
				CLANG_ANALYZER_NUMBER_OBJECT_CONVERSION = YES_AGGRESSIVE;
				CLANG_CXX_LANGUAGE_STANDARD = "gnu++0x";
				CLANG_CXX_LIBRARY = "libc++";
				CLANG_ENABLE_MODULES = YES;
				CLANG_ENABLE_OBJC_ARC = YES;
				CLANG_WARN_BOOL_CONVERSION = YES;
				CLANG_WARN_CONSTANT_CONVERSION = YES;
				CLANG_WARN_DIRECT_OBJC_ISA_USAGE = YES_ERROR;
				CLANG_WARN_DOCUMENTATION_COMMENTS = YES;
				CLANG_WARN_EMPTY_BODY = YES;
				CLANG_WARN_ENUM_CONVERSION = YES;
				CLANG_WARN_INFINITE_RECURSION = YES;
				CLANG_WARN_INT_CONVERSION = YES;
				CLANG_WARN_OBJC_ROOT_CLASS = YES_ERROR;
				CLANG_WARN_SUSPICIOUS_MOVE = YES;
				CLANG_WARN_UNREACHABLE_CODE = YES;
				CLANG_WARN__DUPLICATE_METHOD_MATCH = YES;
				"CODE_SIGN_IDENTITY[sdk=iphoneos*]" = "iPhone Developer";
				COPY_PHASE_STRIP = NO;
				DEBUG_INFORMATION_FORMAT = dwarf;
				ENABLE_STRICT_OBJC_MSGSEND = YES;
				ENABLE_TESTABILITY = YES;
				GCC_C_LANGUAGE_STANDARD = gnu99;
				GCC_DYNAMIC_NO_PIC = NO;
				GCC_NO_COMMON_BLOCKS = YES;
				GCC_OPTIMIZATION_LEVEL = 0;
				GCC_PREPROCESSOR_DEFINITIONS = (
					"DEBUG=1",
					"$(inherited)",
				);
				GCC_WARN_64_TO_32_BIT_CONVERSION = YES;
				GCC_WARN_ABOUT_RETURN_TYPE = YES_ERROR;
				GCC_WARN_UNDECLARED_SELECTOR = YES;
				GCC_WARN_UNINITIALIZED_AUTOS = YES_AGGRESSIVE;
				GCC_WARN_UNUSED_FUNCTION = YES;
				GCC_WARN_UNUSED_VARIABLE = YES;
				IPHONEOS_DEPLOYMENT_TARGET = 10.3;
				MTL_ENABLE_DEBUG_INFO = YES;
				ONLY_ACTIVE_ARCH = YES;
				SDKROOT = iphoneos;
				SWIFT_ACTIVE_COMPILATION_CONDITIONS = DEBUG;
				SWIFT_OPTIMIZATION_LEVEL = "-Onone";
			};
			name = Debug;
		};
		CEFF2D721F172A3F005F80A7 /* Release */ = {
			isa = XCBuildConfiguration;
			buildSettings = {
				ALWAYS_SEARCH_USER_PATHS = NO;
				CLANG_ANALYZER_NONNULL = YES;
				CLANG_ANALYZER_NUMBER_OBJECT_CONVERSION = YES_AGGRESSIVE;
				CLANG_CXX_LANGUAGE_STANDARD = "gnu++0x";
				CLANG_CXX_LIBRARY = "libc++";
				CLANG_ENABLE_MODULES = YES;
				CLANG_ENABLE_OBJC_ARC = YES;
				CLANG_WARN_BOOL_CONVERSION = YES;
				CLANG_WARN_CONSTANT_CONVERSION = YES;
				CLANG_WARN_DIRECT_OBJC_ISA_USAGE = YES_ERROR;
				CLANG_WARN_DOCUMENTATION_COMMENTS = YES;
				CLANG_WARN_EMPTY_BODY = YES;
				CLANG_WARN_ENUM_CONVERSION = YES;
				CLANG_WARN_INFINITE_RECURSION = YES;
				CLANG_WARN_INT_CONVERSION = YES;
				CLANG_WARN_OBJC_ROOT_CLASS = YES_ERROR;
				CLANG_WARN_SUSPICIOUS_MOVE = YES;
				CLANG_WARN_UNREACHABLE_CODE = YES;
				CLANG_WARN__DUPLICATE_METHOD_MATCH = YES;
				"CODE_SIGN_IDENTITY[sdk=iphoneos*]" = "iPhone Developer";
				COPY_PHASE_STRIP = NO;
				DEBUG_INFORMATION_FORMAT = "dwarf-with-dsym";
				ENABLE_NS_ASSERTIONS = NO;
				ENABLE_STRICT_OBJC_MSGSEND = YES;
				GCC_C_LANGUAGE_STANDARD = gnu99;
				GCC_NO_COMMON_BLOCKS = YES;
				GCC_WARN_64_TO_32_BIT_CONVERSION = YES;
				GCC_WARN_ABOUT_RETURN_TYPE = YES_ERROR;
				GCC_WARN_UNDECLARED_SELECTOR = YES;
				GCC_WARN_UNINITIALIZED_AUTOS = YES_AGGRESSIVE;
				GCC_WARN_UNUSED_FUNCTION = YES;
				GCC_WARN_UNUSED_VARIABLE = YES;
				IPHONEOS_DEPLOYMENT_TARGET = 10.3;
				MTL_ENABLE_DEBUG_INFO = NO;
				SDKROOT = iphoneos;
				SWIFT_OPTIMIZATION_LEVEL = "-Owholemodule";
				VALIDATE_PRODUCT = YES;
			};
			name = Release;
		};
		CEFF2D741F172A3F005F80A7 /* Debug */ = {
			isa = XCBuildConfiguration;
			buildSettings = {
				ASSETCATALOG_COMPILER_APPICON_NAME = AppIcon;
				ASSETCATALOG_COMPILER_LAUNCHIMAGE_NAME = LaunchImage;
				CODE_SIGN_IDENTITY = "iPhone Developer";
				"CODE_SIGN_IDENTITY[sdk=iphoneos*]" = "iPhone Developer";
				DEVELOPMENT_TEAM = A42DJ8H78Z;
				INFOPLIST_FILE = YunaFirstApp/Info.plist;
				LD_RUNPATH_SEARCH_PATHS = "$(inherited) @executable_path/Frameworks";
				PRODUCT_BUNDLE_IDENTIFIER = com.yunaseol;
				PRODUCT_NAME = "Indian Poker";
				PROVISIONING_PROFILE_SPECIFIER = "";
				SWIFT_VERSION = 3.0;
			};
			name = Debug;
		};
		CEFF2D751F172A3F005F80A7 /* Release */ = {
			isa = XCBuildConfiguration;
			buildSettings = {
				ASSETCATALOG_COMPILER_APPICON_NAME = AppIcon;
				ASSETCATALOG_COMPILER_LAUNCHIMAGE_NAME = LaunchImage;
				CODE_SIGN_IDENTITY = "iPhone Developer";
				"CODE_SIGN_IDENTITY[sdk=iphoneos*]" = "iPhone Developer";
				DEVELOPMENT_TEAM = A42DJ8H78Z;
				INFOPLIST_FILE = YunaFirstApp/Info.plist;
				LD_RUNPATH_SEARCH_PATHS = "$(inherited) @executable_path/Frameworks";
				PRODUCT_BUNDLE_IDENTIFIER = com.yunaseol;
				PRODUCT_NAME = "Indian Poker";
				PROVISIONING_PROFILE_SPECIFIER = "";
				SWIFT_VERSION = 3.0;
			};
			name = Release;
		};
/* End XCBuildConfiguration section */

/* Begin XCConfigurationList section */
		CEFF2D5C1F172A3F005F80A7 /* Build configuration list for PBXProject "YunaFirstApp" */ = {
			isa = XCConfigurationList;
			buildConfigurations = (
				CEFF2D711F172A3F005F80A7 /* Debug */,
				CEFF2D721F172A3F005F80A7 /* Release */,
			);
			defaultConfigurationIsVisible = 0;
			defaultConfigurationName = Release;
		};
		CEFF2D731F172A3F005F80A7 /* Build configuration list for PBXNativeTarget "YunaFirstApp" */ = {
			isa = XCConfigurationList;
			buildConfigurations = (
				CEFF2D741F172A3F005F80A7 /* Debug */,
				CEFF2D751F172A3F005F80A7 /* Release */,
			);
			defaultConfigurationIsVisible = 0;
			defaultConfigurationName = Release;
		};
/* End XCConfigurationList section */
	};
	rootObject = CEFF2D591F172A3F005F80A7 /* Project object */;
}
